
Microsoft Visual Studio Solution File, Format Version 12.00
# Visual Studio 15
VisualStudioVersion = 15.0.27130.2027
MinimumVisualStudioVersion = 10.0.40219.1
Project("{FAE04EC0-301F-11D3-BF4B-00C04F79EFBC}") = "Oriflame-Mihalik", "Oriflame-Mihalik\Oriflame-Mihalik.csproj", "{F2658655-B6C5-48C8-BDB4-9DB2FC190152}"
EndProject
Project("{FAE04EC0-301F-11D3-BF4B-00C04F79EFBC}") = "Oriflame-Mihalik-Test", "Oriflame-Mihalik-Test\Oriflame-Mihalik-Test.csproj", "{CAC49798-E1AB-4A9E-B48C-45D980A1F5CB}"
EndProject
Global
	GlobalSection(SolutionConfigurationPlatforms) = preSolution
		Debug|Any CPU = Debug|Any CPU
		Release|Any CPU = Release|Any CPU
	EndGlobalSection
	GlobalSection(ProjectConfigurationPlatforms) = postSolution
		{F2658655-B6C5-48C8-BDB4-9DB2FC190152}.Debug|Any CPU.ActiveCfg = Debug|Any CPU
		{F2658655-B6C5-48C8-BDB4-9DB2FC190152}.Debug|Any CPU.Build.0 = Debug|Any CPU
		{F2658655-B6C5-48C8-BDB4-9DB2FC190152}.Release|Any CPU.ActiveCfg = Release|Any CPU
		{F2658655-B6C5-48C8-BDB4-9DB2FC190152}.Release|Any CPU.Build.0 = Release|Any CPU
		{CAC49798-E1AB-4A9E-B48C-45D980A1F5CB}.Debug|Any CPU.ActiveCfg = Debug|Any CPU
		{CAC49798-E1AB-4A9E-B48C-45D980A1F5CB}.Debug|Any CPU.Build.0 = Debug|Any CPU
		{CAC49798-E1AB-4A9E-B48C-45D980A1F5CB}.Release|Any CPU.ActiveCfg = Release|Any CPU
		{CAC49798-E1AB-4A9E-B48C-45D980A1F5CB}.Release|Any CPU.Build.0 = Release|Any CPU
	EndGlobalSection
	GlobalSection(SolutionProperties) = preSolution
		HideSolutionNode = FALSE
	EndGlobalSection
	GlobalSection(ExtensibilityGlobals) = postSolution
		SolutionGuid = {23722254-18CF-4345-9209-DD74D3D14D68}
	EndGlobalSection
EndGlobal
